{
  "nodes": {
    "catppuccin-fish-theme": {
      "flake": false,
      "locked": {
        "lastModified": 1740843741,
        "narHash": "sha256-Oc0emnIUI4LV7QJLs4B2/FQtCFewRFVp7EDv8GawFsA=",
        "owner": "catppuccin",
        "repo": "fish",
        "rev": "6a85af2ff722ad0f9fbc8424ea0a5c454661dfed",
        "type": "github"
      },
      "original": {
        "owner": "catppuccin",
        "repo": "fish",
        "type": "github"
      }
    },
    "home-manager": {
      "inputs": {
        "nixpkgs": [
          "nixpkgs"
        ]
      },
      "locked": {
        "lastModified": 1759536080,
        "narHash": "sha256-0aXlKPxm2M+F5oywX2TTbY0e6h+tQ+6OYyx7UZn3A4A=",
        "owner": "nix-community",
        "repo": "home-manager",
        "rev": "edafd6da1936426708f1be0b1a4288007f16639a",
        "type": "github"
      },
      "original": {
        "owner": "nix-community",
        "repo": "home-manager",
        "type": "github"
      }
    },
    "nix-fish": {
      "flake": false,
      "locked": {
        "lastModified": 1704266727,
        "narHash": "sha256-3M0dU30SrdjInp6MWEC0q7MTInrZNtY6Z9mhBw43PKs=",
        "owner": "Animeshz",
        "repo": "nix.fish",
        "rev": "a3256cf49846ee4de072c3a9af7a58aad4021693",
        "type": "github"
      },
      "original": {
        "owner": "Animeshz",
        "repo": "nix.fish",
        "type": "github"
      }
    },
    "nixpkgs": {
      "locked": {
        "lastModified": 1759381078,
        "narHash": "sha256-gTrEEp5gEspIcCOx9PD8kMaF1iEmfBcTbO0Jag2QhQs=",
        "owner": "nixos",
        "repo": "nixpkgs",
        "rev": "7df7ff7d8e00218376575f0acdcc5d66741351ee",
        "type": "github"
      },
      "original": {
        "owner": "nixos",
        "ref": "nixos-unstable",
        "repo": "nixpkgs",
        "type": "github"
      }
    },
    "replay-fish": {
      "flake": false,
      "locked": {
        "lastModified": 1719805987,
        "narHash": "sha256-TzQ97h9tBRUg+A7DSKeTBWLQuThicbu19DHMwkmUXdg=",
        "owner": "jorgebucaran",
        "repo": "replay.fish",
        "rev": "d2ecacd3fe7126e822ce8918389f3ad93b14c86c",
        "type": "github"
      },
      "original": {
        "owner": "jorgebucaran",
        "repo": "replay.fish",
        "type": "github"
      }
    },
    "root": {
      "inputs": {
        "catppuccin-fish-theme": "catppuccin-fish-theme",
        "home-manager": "home-manager",
        "nix-fish": "nix-fish",
        "nixpkgs": "nixpkgs",
        "replay-fish": "replay-fish"
      }
    }
  },
  "root": "root",
  "version": 7
}
