{
  "nodes": {
    "autopair_fish": {
      "flake": false,
      "locked": {
        "lastModified": 1656950411,
        "narHash": "sha256-qt3t1iKRRNuiLWiVoiAYOu+9E7jsyECyIqZJ/oRIT1A=",
        "owner": "jorgebucaran",
        "repo": "autopair.fish",
        "rev": "4d1752ff5b39819ab58d7337c69220342e9de0e2",
        "type": "github"
      },
      "original": {
        "owner": "jorgebucaran",
        "repo": "autopair.fish",
        "type": "github"
      }
    },
    "catppuccin-atuin-theme": {
      "flake": false,
      "locked": {
        "lastModified": 1745283812,
        "narHash": "sha256-t/Pq+hlCcdSigtk5uzw3n7p5ey0oH/D5S8GO/0wlpKA=",
        "owner": "catppuccin",
        "repo": "atuin",
        "rev": "abfab12de743aa73cf20ac3fa61e450c4d96380c",
        "type": "github"
      },
      "original": {
        "owner": "catppuccin",
        "repo": "atuin",
        "type": "github"
      }
    },
    "catppuccin-bat-theme": {
      "flake": false,
      "locked": {
        "lastModified": 1751237777,
        "narHash": "sha256-lJapSgRVENTrbmpVyn+UQabC9fpV1G1e+CdlJ090uvg=",
        "owner": "catppuccin",
        "repo": "bat",
        "rev": "6810349b28055dce54076712fc05fc68da4b8ec0",
        "type": "github"
      },
      "original": {
        "owner": "catppuccin",
        "repo": "bat",
        "type": "github"
      }
    },
    "catppuccin-btop-theme": {
      "flake": false,
      "locked": {
        "lastModified": 1727050041,
        "narHash": "sha256-mEGZwScVPWGu+Vbtddc/sJ+mNdD2kKienGZVUcTSl+c=",
        "owner": "catppuccin",
        "repo": "btop",
        "rev": "f437574b600f1c6d932627050b15ff5153b58fa3",
        "type": "github"
      },
      "original": {
        "owner": "catppuccin",
        "repo": "btop",
        "type": "github"
      }
    },
    "catppuccin-delta-theme": {
      "flake": false,
      "locked": {
        "lastModified": 1760466394,
        "narHash": "sha256-NjqqB/BHqduiNWKeksiRZUMfjRUodJlsVu1yaEIZRsM=",
        "owner": "catppuccin",
        "repo": "delta",
        "rev": "74b47a345638a2f19b3e5bdb9d7e4984066f9ac7",
        "type": "github"
      },
      "original": {
        "owner": "catppuccin",
        "repo": "delta",
        "type": "github"
      }
    },
    "catppuccin-fish-theme": {
      "flake": false,
      "locked": {
        "lastModified": 1740843741,
        "narHash": "sha256-Oc0emnIUI4LV7QJLs4B2/FQtCFewRFVp7EDv8GawFsA=",
        "owner": "catppuccin",
        "repo": "fish",
        "rev": "6a85af2ff722ad0f9fbc8424ea0a5c454661dfed",
        "type": "github"
      },
      "original": {
        "owner": "catppuccin",
        "repo": "fish",
        "type": "github"
      }
    },
    "catppuccin-ghostty-theme": {
      "flake": false,
      "locked": {
        "lastModified": 1761059674,
        "narHash": "sha256-j0HCakM9R/xxEjWd5A0j8VVlg0vQivjlAYHRW/4OpGU=",
        "owner": "catppuccin",
        "repo": "ghostty",
        "rev": "0eeefa637affe0b5f29d7005cfe4e143c244a781",
        "type": "github"
      },
      "original": {
        "owner": "catppuccin",
        "repo": "ghostty",
        "type": "github"
      }
    },
    "catppuccin-lsd-theme": {
      "flake": false,
      "locked": {
        "lastModified": 1732764700,
        "narHash": "sha256-lf6VawCgK9VlKO+PAzPD/WqPjxoqw2j000b5ZlEXj/Y=",
        "owner": "catppuccin",
        "repo": "lsd",
        "rev": "7085155432c7fe53a7acd7b0c004955368aa0fba",
        "type": "github"
      },
      "original": {
        "owner": "catppuccin",
        "repo": "lsd",
        "type": "github"
      }
    },
    "completions_fish": {
      "flake": false,
      "locked": {
        "lastModified": 1763339244,
        "narHash": "sha256-YVHpannSmFmB1TPpS84TTc8b9pDb6Cn32qJh1Utu6VY=",
        "owner": "kidonng",
        "repo": "completions.fish",
        "rev": "56651dbff38f05086550da14b4941ad489eea6cf",
        "type": "github"
      },
      "original": {
        "owner": "kidonng",
        "repo": "completions.fish",
        "type": "github"
      }
    },
    "determinate-nix-src": {
      "inputs": {
        "flake-parts": "flake-parts",
        "git-hooks-nix": "git-hooks-nix",
        "nixpkgs": "nixpkgs",
        "nixpkgs-23-11": "nixpkgs-23-11",
        "nixpkgs-regression": "nixpkgs-regression"
      },
      "locked": {
        "lastModified": 1763534330,
        "narHash": "sha256-gTuB2qBdSKCKnZwENTqScs/pPBaZQOv6zZ1KJvV/ohk=",
        "rev": "be871f9baf5366a220b5f25634eebab6f452a017",
        "revCount": 23278,
        "type": "tarball",
        "url": "https://api.flakehub.com/f/pinned/DeterminateSystems/nix-src/3.13.2/019a9af6-3d7b-71bc-bccd-8b18e147ad77/source.tar.gz"
      },
      "original": {
        "type": "tarball",
        "url": "https://flakehub.com/f/DeterminateSystems/nix-src/3.%2A"
      }
    },
    "fishPlugin-bass": {
      "flake": false,
      "locked": {
        "lastModified": 1702770652,
        "narHash": "sha256-3d/qL+hovNA4VMWZ0n1L+dSM1lcz7P5CQJyy+/8exTc=",
        "owner": "edc",
        "repo": "bass",
        "rev": "79b62958ecf4e87334f24d6743e5766475bcf4d0",
        "type": "github"
      },
      "original": {
        "owner": "edc",
        "repo": "bass",
        "type": "github"
      }
    },
    "fisher": {
      "flake": false,
      "locked": {
        "lastModified": 1725984266,
        "narHash": "sha256-pR5RKU+zIb7CS0Y6vjx2QIZ8Iu/3ojRfAcAdjCOxl1U=",
        "owner": "jorgebucaran",
        "repo": "fisher",
        "rev": "1f0dc2b4970da160605638cb0f157079660d6e04",
        "type": "github"
      },
      "original": {
        "owner": "jorgebucaran",
        "repo": "fisher",
        "type": "github"
      }
    },
    "flake-compat": {
      "flake": false,
      "locked": {
        "lastModified": 1696426674,
        "narHash": "sha256-kvjfFW7WAETZlt09AgDn1MrtKzP7t90Vf7vypd3OL1U=",
        "owner": "edolstra",
        "repo": "flake-compat",
        "rev": "0f9255e01c2351cc7d116c072cb317785dd33b33",
        "type": "github"
      },
      "original": {
        "owner": "edolstra",
        "repo": "flake-compat",
        "type": "github"
      }
    },
    "flake-parts": {
      "inputs": {
        "nixpkgs-lib": [
          "determinate-nix-src",
          "nixpkgs"
        ]
      },
      "locked": {
        "lastModified": 1748821116,
        "narHash": "sha256-F82+gS044J1APL0n4hH50GYdPRv/5JWm34oCJYmVKdE=",
        "rev": "49f0870db23e8c1ca0b5259734a02cd9e1e371a1",
        "revCount": 377,
        "type": "tarball",
        "url": "https://api.flakehub.com/f/pinned/hercules-ci/flake-parts/0.1.377%2Brev-49f0870db23e8c1ca0b5259734a02cd9e1e371a1/01972f28-554a-73f8-91f4-d488cc502f08/source.tar.gz"
      },
      "original": {
        "type": "tarball",
        "url": "https://flakehub.com/f/hercules-ci/flake-parts/0.1"
      }
    },
    "git-hooks-nix": {
      "inputs": {
        "flake-compat": "flake-compat",
        "gitignore": [
          "determinate-nix-src"
        ],
        "nixpkgs": [
          "determinate-nix-src",
          "nixpkgs"
        ]
      },
      "locked": {
        "lastModified": 1747372754,
        "narHash": "sha256-2Y53NGIX2vxfie1rOW0Qb86vjRZ7ngizoo+bnXU9D9k=",
        "rev": "80479b6ec16fefd9c1db3ea13aeb038c60530f46",
        "revCount": 1026,
        "type": "tarball",
        "url": "https://api.flakehub.com/f/pinned/cachix/git-hooks.nix/0.1.1026%2Brev-80479b6ec16fefd9c1db3ea13aeb038c60530f46/0196d79a-1b35-7b8e-a021-c894fb62163d/source.tar.gz"
      },
      "original": {
        "type": "tarball",
        "url": "https://flakehub.com/f/cachix/git-hooks.nix/0.1.941"
      }
    },
    "home-manager": {
      "inputs": {
        "nixpkgs": [
          "nixpkgs"
        ]
      },
      "locked": {
        "lastModified": 1763416652,
        "narHash": "sha256-8EBEEvtzQ11LCxpQHMNEBQAGtQiCu/pqP9zSovDSbNM=",
        "rev": "ea164b7c9ccdc2321379c2ff78fd4317b4c41312",
        "revCount": 5786,
        "type": "tarball",
        "url": "https://api.flakehub.com/f/pinned/nix-community/home-manager/0.1.5786%2Brev-ea164b7c9ccdc2321379c2ff78fd4317b4c41312/019a93d3-d1ef-74e2-bd02-3e5b2642d8b7/source.tar.gz"
      },
      "original": {
        "type": "tarball",
        "url": "https://flakehub.com/f/nix-community/home-manager/0.1.%2A"
      }
    },
    "nix-completions_fish": {
      "flake": false,
      "locked": {
        "lastModified": 1762639078,
        "narHash": "sha256-9MOEVa0nmLYiAKFBHl6bI4gWF8lcZ4f3b5QrK8MqFJ4=",
        "owner": "kris3713",
        "repo": "nix-completions.fish",
        "rev": "7cb64e90e8792759238f4fa09fdd8227c300ab6a",
        "type": "github"
      },
      "original": {
        "owner": "kris3713",
        "repo": "nix-completions.fish",
        "type": "github"
      }
    },
    "nix_fish": {
      "flake": false,
      "locked": {
        "lastModified": 1704266727,
        "narHash": "sha256-3M0dU30SrdjInp6MWEC0q7MTInrZNtY6Z9mhBw43PKs=",
        "owner": "Animeshz",
        "repo": "nix.fish",
        "rev": "a3256cf49846ee4de072c3a9af7a58aad4021693",
        "type": "github"
      },
      "original": {
        "owner": "Animeshz",
        "repo": "nix.fish",
        "type": "github"
      }
    },
    "nixpkgs": {
      "locked": {
        "lastModified": 1761597516,
        "narHash": "sha256-wxX7u6D2rpkJLWkZ2E932SIvDJW8+ON/0Yy8+a5vsDU=",
        "rev": "daf6dc47aa4b44791372d6139ab7b25269184d55",
        "revCount": 811874,
        "type": "tarball",
        "url": "https://api.flakehub.com/f/pinned/NixOS/nixpkgs/0.2505.811874%2Brev-daf6dc47aa4b44791372d6139ab7b25269184d55/019a3494-3498-707e-9086-1fb81badc7fe/source.tar.gz"
      },
      "original": {
        "type": "tarball",
        "url": "https://flakehub.com/f/NixOS/nixpkgs/0.2505"
      }
    },
    "nixpkgs-23-11": {
      "locked": {
        "lastModified": 1717159533,
        "narHash": "sha256-oamiKNfr2MS6yH64rUn99mIZjc45nGJlj9eGth/3Xuw=",
        "owner": "NixOS",
        "repo": "nixpkgs",
        "rev": "a62e6edd6d5e1fa0329b8653c801147986f8d446",
        "type": "github"
      },
      "original": {
        "owner": "NixOS",
        "repo": "nixpkgs",
        "rev": "a62e6edd6d5e1fa0329b8653c801147986f8d446",
        "type": "github"
      }
    },
    "nixpkgs-regression": {
      "locked": {
        "lastModified": 1643052045,
        "narHash": "sha256-uGJ0VXIhWKGXxkeNnq4TvV3CIOkUJ3PAoLZ3HMzNVMw=",
        "owner": "NixOS",
        "repo": "nixpkgs",
        "rev": "215d4d0fd80ca5163643b03a33fde804a29cc1e2",
        "type": "github"
      },
      "original": {
        "owner": "NixOS",
        "repo": "nixpkgs",
        "rev": "215d4d0fd80ca5163643b03a33fde804a29cc1e2",
        "type": "github"
      }
    },
    "nixpkgs_2": {
      "locked": {
        "lastModified": 1763421233,
        "narHash": "sha256-Stk9ZYRkGrnnpyJ4eqt9eQtdFWRRIvMxpNRf4sIegnw=",
        "rev": "89c2b2330e733d6cdb5eae7b899326930c2c0648",
        "revCount": 897910,
        "type": "tarball",
        "url": "https://api.flakehub.com/f/pinned/NixOS/nixpkgs/0.1.897910%2Brev-89c2b2330e733d6cdb5eae7b899326930c2c0648/019a9888-31f2-7667-abe4-5a1c43721ef0/source.tar.gz"
      },
      "original": {
        "type": "tarball",
        "url": "https://flakehub.com/f/NixOS/nixpkgs/0.1.%2A"
      }
    },
    "replay_fish": {
      "flake": false,
      "locked": {
        "lastModified": 1719805987,
        "narHash": "sha256-TzQ97h9tBRUg+A7DSKeTBWLQuThicbu19DHMwkmUXdg=",
        "owner": "jorgebucaran",
        "repo": "replay.fish",
        "rev": "d2ecacd3fe7126e822ce8918389f3ad93b14c86c",
        "type": "github"
      },
      "original": {
        "owner": "jorgebucaran",
        "repo": "replay.fish",
        "type": "github"
      }
    },
    "root": {
      "inputs": {
        "autopair_fish": "autopair_fish",
        "catppuccin-atuin-theme": "catppuccin-atuin-theme",
        "catppuccin-bat-theme": "catppuccin-bat-theme",
        "catppuccin-btop-theme": "catppuccin-btop-theme",
        "catppuccin-delta-theme": "catppuccin-delta-theme",
        "catppuccin-fish-theme": "catppuccin-fish-theme",
        "catppuccin-ghostty-theme": "catppuccin-ghostty-theme",
        "catppuccin-lsd-theme": "catppuccin-lsd-theme",
        "completions_fish": "completions_fish",
        "determinate-nix-src": "determinate-nix-src",
        "fishPlugin-bass": "fishPlugin-bass",
        "fisher": "fisher",
        "home-manager": "home-manager",
        "nix-completions_fish": "nix-completions_fish",
        "nix_fish": "nix_fish",
        "nixpkgs": "nixpkgs_2",
        "replay_fish": "replay_fish",
        "sdkman-for-fish": "sdkman-for-fish"
      }
    },
    "sdkman-for-fish": {
      "flake": false,
      "locked": {
        "lastModified": 1762195754,
        "narHash": "sha256-N1Mxj328/xIDHbjl4evFdP9Oe9yYoYVHfRQWtzsy9rY=",
        "owner": "reitzig",
        "repo": "sdkman-for-fish",
        "rev": "2d6e7c1b36a9a4ef4d675072f8975d14cfadeeaf",
        "type": "github"
      },
      "original": {
        "owner": "reitzig",
        "repo": "sdkman-for-fish",
        "type": "github"
      }
    }
  },
  "root": "root",
  "version": 7
}
